// !$*UTF8*$!
{
	archiveVersion = 1;
	classes = {
	};
	objectVersion = 48;
	objects = {

/* Begin PBXBuildFile section */
		329267EE1FA927E600B62143 /* Nomination+CoreDataClass.m in Sources */ = {isa = PBXBuildFile; fileRef = 329267EB1FA927E600B62143 /* Nomination+CoreDataClass.m */; };
		329267EF1FA927E600B62143 /* Nomination+CoreDataProperties.m in Sources */ = {isa = PBXBuildFile; fileRef = 329267ED1FA927E600B62143 /* Nomination+CoreDataProperties.m */; };
		32D5382B1FA8E63A00F5BD41 /* AppDelegate.m in Sources */ = {isa = PBXBuildFile; fileRef = 32D5382A1FA8E63A00F5BD41 /* AppDelegate.m */; };
		32D538311FA8E63A00F5BD41 /* Main.storyboard in Resources */ = {isa = PBXBuildFile; fileRef = 32D5382F1FA8E63A00F5BD41 /* Main.storyboard */; };
		32D538331FA8E63A00F5BD41 /* Assets.xcassets in Resources */ = {isa = PBXBuildFile; fileRef = 32D538321FA8E63A00F5BD41 /* Assets.xcassets */; };
		32D538361FA8E63A00F5BD41 /* LaunchScreen.storyboard in Resources */ = {isa = PBXBuildFile; fileRef = 32D538341FA8E63A00F5BD41 /* LaunchScreen.storyboard */; };
		32D538391FA8E63A00F5BD41 /* main.m in Sources */ = {isa = PBXBuildFile; fileRef = 32D538381FA8E63A00F5BD41 /* main.m */; };
		32D5384D1FA8EA9600F5BD41 /* NominationModel.m in Sources */ = {isa = PBXBuildFile; fileRef = 32D5384C1FA8EA9600F5BD41 /* NominationModel.m */; };
		32D538501FA8EAB800F5BD41 /* ReportViewController.m in Sources */ = {isa = PBXBuildFile; fileRef = 32D5384F1FA8EAB800F5BD41 /* ReportViewController.m */; };
		32D538531FA8EAC800F5BD41 /* ReportModel.m in Sources */ = {isa = PBXBuildFile; fileRef = 32D538521FA8EAC800F5BD41 /* ReportModel.m */; };
		32D538561FA8EAE900F5BD41 /* ReportView.m in Sources */ = {isa = PBXBuildFile; fileRef = 32D538551FA8EAE900F5BD41 /* ReportView.m */; };
		32D538591FA8EB0B00F5BD41 /* NominationViewController.m in Sources */ = {isa = PBXBuildFile; fileRef = 32D538581FA8EB0B00F5BD41 /* NominationViewController.m */; };
		32D5385C1FA8EB2500F5BD41 /* NominationView.m in Sources */ = {isa = PBXBuildFile; fileRef = 32D5385B1FA8EB2500F5BD41 /* NominationView.m */; };
		32D538651FA9004700F5BD41 /* ReportsModel.xcdatamodeld in Sources */ = {isa = PBXBuildFile; fileRef = 32D538631FA9004700F5BD41 /* ReportsModel.xcdatamodeld */; };
		32D538701FA9043100F5BD41 /* Report+CoreDataClass.m in Sources */ = {isa = PBXBuildFile; fileRef = 32D5386D1FA9043100F5BD41 /* Report+CoreDataClass.m */; };
		32D538711FA9043100F5BD41 /* Report+CoreDataProperties.m in Sources */ = {isa = PBXBuildFile; fileRef = 32D5386F1FA9043100F5BD41 /* Report+CoreDataProperties.m */; };
		32D5387A1FA905B900F5BD41 /* DataManager.m in Sources */ = {isa = PBXBuildFile; fileRef = 32D538791FA905B900F5BD41 /* DataManager.m */; };
/* End PBXBuildFile section */

/* Begin PBXFileReference section */
		329267E91FA9230200B62143 /* NominationModuleProtocol.h */ = {isa = PBXFileReference; lastKnownFileType = sourcecode.c.h; path = NominationModuleProtocol.h; sourceTree = "<group>"; };
		329267EA1FA927E600B62143 /* Nomination+CoreDataClass.h */ = {isa = PBXFileReference; lastKnownFileType = sourcecode.c.h; path = "Nomination+CoreDataClass.h"; sourceTree = "<group>"; };
		329267EB1FA927E600B62143 /* Nomination+CoreDataClass.m */ = {isa = PBXFileReference; lastKnownFileType = sourcecode.c.objc; path = "Nomination+CoreDataClass.m"; sourceTree = "<group>"; };
		329267EC1FA927E600B62143 /* Nomination+CoreDataProperties.h */ = {isa = PBXFileReference; lastKnownFileType = sourcecode.c.h; path = "Nomination+CoreDataProperties.h"; sourceTree = "<group>"; };
		329267ED1FA927E600B62143 /* Nomination+CoreDataProperties.m */ = {isa = PBXFileReference; lastKnownFileType = sourcecode.c.objc; path = "Nomination+CoreDataProperties.m"; sourceTree = "<group>"; };
		32D538261FA8E63A00F5BD41 /* Lesson_23_WorkWithCoreData.app */ = {isa = PBXFileReference; explicitFileType = wrapper.application; includeInIndex = 0; path = Lesson_23_WorkWithCoreData.app; sourceTree = BUILT_PRODUCTS_DIR; };
		32D538291FA8E63A00F5BD41 /* AppDelegate.h */ = {isa = PBXFileReference; lastKnownFileType = sourcecode.c.h; path = AppDelegate.h; sourceTree = "<group>"; };
		32D5382A1FA8E63A00F5BD41 /* AppDelegate.m */ = {isa = PBXFileReference; lastKnownFileType = sourcecode.c.objc; path = AppDelegate.m; sourceTree = "<group>"; };
		32D538301FA8E63A00F5BD41 /* Base */ = {isa = PBXFileReference; lastKnownFileType = file.storyboard; name = Base; path = Base.lproj/Main.storyboard; sourceTree = "<group>"; };
		32D538321FA8E63A00F5BD41 /* Assets.xcassets */ = {isa = PBXFileReference; lastKnownFileType = folder.assetcatalog; path = Assets.xcassets; sourceTree = "<group>"; };
		32D538351FA8E63A00F5BD41 /* Base */ = {isa = PBXFileReference; lastKnownFileType = file.storyboard; name = Base; path = Base.lproj/LaunchScreen.storyboard; sourceTree = "<group>"; };
		32D538371FA8E63A00F5BD41 /* Info.plist */ = {isa = PBXFileReference; lastKnownFileType = text.plist.xml; path = Info.plist; sourceTree = "<group>"; };
		32D538381FA8E63A00F5BD41 /* main.m */ = {isa = PBXFileReference; lastKnownFileType = sourcecode.c.objc; path = main.m; sourceTree = "<group>"; };
		32D5384B1FA8EA9600F5BD41 /* NominationModel.h */ = {isa = PBXFileReference; lastKnownFileType = sourcecode.c.h; path = NominationModel.h; sourceTree = "<group>"; };
		32D5384C1FA8EA9600F5BD41 /* NominationModel.m */ = {isa = PBXFileReference; lastKnownFileType = sourcecode.c.objc; path = NominationModel.m; sourceTree = "<group>"; };
		32D5384E1FA8EAB800F5BD41 /* ReportViewController.h */ = {isa = PBXFileReference; lastKnownFileType = sourcecode.c.h; path = ReportViewController.h; sourceTree = "<group>"; };
		32D5384F1FA8EAB800F5BD41 /* ReportViewController.m */ = {isa = PBXFileReference; lastKnownFileType = sourcecode.c.objc; path = ReportViewController.m; sourceTree = "<group>"; };
		32D538511FA8EAC800F5BD41 /* ReportModel.h */ = {isa = PBXFileReference; lastKnownFileType = sourcecode.c.h; path = ReportModel.h; sourceTree = "<group>"; };
		32D538521FA8EAC800F5BD41 /* ReportModel.m */ = {isa = PBXFileReference; lastKnownFileType = sourcecode.c.objc; path = ReportModel.m; sourceTree = "<group>"; };
		32D538541FA8EAE900F5BD41 /* ReportView.h */ = {isa = PBXFileReference; lastKnownFileType = sourcecode.c.h; path = ReportView.h; sourceTree = "<group>"; };
		32D538551FA8EAE900F5BD41 /* ReportView.m */ = {isa = PBXFileReference; lastKnownFileType = sourcecode.c.objc; path = ReportView.m; sourceTree = "<group>"; };
		32D538571FA8EB0B00F5BD41 /* NominationViewController.h */ = {isa = PBXFileReference; lastKnownFileType = sourcecode.c.h; path = NominationViewController.h; sourceTree = "<group>"; };
		32D538581FA8EB0B00F5BD41 /* NominationViewController.m */ = {isa = PBXFileReference; lastKnownFileType = sourcecode.c.objc; path = NominationViewController.m; sourceTree = "<group>"; };
		32D5385A1FA8EB2500F5BD41 /* NominationView.h */ = {isa = PBXFileReference; lastKnownFileType = sourcecode.c.h; path = NominationView.h; sourceTree = "<group>"; };
		32D5385B1FA8EB2500F5BD41 /* NominationView.m */ = {isa = PBXFileReference; lastKnownFileType = sourcecode.c.objc; path = NominationView.m; sourceTree = "<group>"; };
		32D5385D1FA8EBB900F5BD41 /* ReportModuleProtocol.h */ = {isa = PBXFileReference; lastKnownFileType = sourcecode.c.h; path = ReportModuleProtocol.h; sourceTree = "<group>"; };
		32D538641FA9004700F5BD41 /* ReportsModel.xcdatamodel */ = {isa = PBXFileReference; lastKnownFileType = wrapper.xcdatamodel; path = ReportsModel.xcdatamodel; sourceTree = "<group>"; };
		32D5386C1FA9043100F5BD41 /* Report+CoreDataClass.h */ = {isa = PBXFileReference; lastKnownFileType = sourcecode.c.h; path = "Report+CoreDataClass.h"; sourceTree = "<group>"; };
		32D5386D1FA9043100F5BD41 /* Report+CoreDataClass.m */ = {isa = PBXFileReference; lastKnownFileType = sourcecode.c.objc; path = "Report+CoreDataClass.m"; sourceTree = "<group>"; };
		32D5386E1FA9043100F5BD41 /* Report+CoreDataProperties.h */ = {isa = PBXFileReference; lastKnownFileType = sourcecode.c.h; path = "Report+CoreDataProperties.h"; sourceTree = "<group>"; };
		32D5386F1FA9043100F5BD41 /* Report+CoreDataProperties.m */ = {isa = PBXFileReference; lastKnownFileType = sourcecode.c.objc; path = "Report+CoreDataProperties.m"; sourceTree = "<group>"; };
		32D538781FA905B900F5BD41 /* DataManager.h */ = {isa = PBXFileReference; lastKnownFileType = sourcecode.c.h; path = DataManager.h; sourceTree = "<group>"; };
		32D538791FA905B900F5BD41 /* DataManager.m */ = {isa = PBXFileReference; lastKnownFileType = sourcecode.c.objc; path = DataManager.m; sourceTree = "<group>"; };
/* End PBXFileReference section */

/* Begin PBXFrameworksBuildPhase section */
		32D538231FA8E63A00F5BD41 /* Frameworks */ = {
			isa = PBXFrameworksBuildPhase;
			buildActionMask = 2147483647;
			files = (
			);
			runOnlyForDeploymentPostprocessing = 0;
		};
/* End PBXFrameworksBuildPhase section */

/* Begin PBXGroup section */
		32D5381D1FA8E63A00F5BD41 = {
			isa = PBXGroup;
			children = (
				32D538281FA8E63A00F5BD41 /* Lesson_23_WorkWithCoreData */,
				32D538271FA8E63A00F5BD41 /* Products */,
			);
			sourceTree = "<group>";
		};
		32D538271FA8E63A00F5BD41 /* Products */ = {
			isa = PBXGroup;
			children = (
				32D538261FA8E63A00F5BD41 /* Lesson_23_WorkWithCoreData.app */,
			);
			name = Products;
			sourceTree = "<group>";
		};
		32D538281FA8E63A00F5BD41 /* Lesson_23_WorkWithCoreData */ = {
			isa = PBXGroup;
			children = (
				32D5385E1FA8FF3700F5BD41 /* Lidrary */,
				32D538451FA8E93A00F5BD41 /* NominationModule */,
				32D5383F1FA8E82C00F5BD41 /* ReportModule */,
				32D538291FA8E63A00F5BD41 /* AppDelegate.h */,
				32D5382A1FA8E63A00F5BD41 /* AppDelegate.m */,
				32D5382F1FA8E63A00F5BD41 /* Main.storyboard */,
				32D538321FA8E63A00F5BD41 /* Assets.xcassets */,
				32D538341FA8E63A00F5BD41 /* LaunchScreen.storyboard */,
				32D538371FA8E63A00F5BD41 /* Info.plist */,
				32D538381FA8E63A00F5BD41 /* main.m */,
			);
			path = Lesson_23_WorkWithCoreData;
			sourceTree = "<group>";
		};
		32D5383F1FA8E82C00F5BD41 /* ReportModule */ = {
			isa = PBXGroup;
			children = (
				32D538401FA8E8E900F5BD41 /* MVC */,
				32D538411FA8E8F100F5BD41 /* Protocol */,
			);
			path = ReportModule;
			sourceTree = "<group>";
		};
		32D538401FA8E8E900F5BD41 /* MVC */ = {
			isa = PBXGroup;
			children = (
				32D538441FA8E91D00F5BD41 /* Controller */,
				32D538421FA8E91D00F5BD41 /* Model */,
				32D538431FA8E91D00F5BD41 /* View */,
			);
			path = MVC;
			sourceTree = "<group>";
		};
		32D538411FA8E8F100F5BD41 /* Protocol */ = {
			isa = PBXGroup;
			children = (
				32D5385D1FA8EBB900F5BD41 /* ReportModuleProtocol.h */,
			);
			path = Protocol;
			sourceTree = "<group>";
		};
		32D538421FA8E91D00F5BD41 /* Model */ = {
			isa = PBXGroup;
			children = (
				32D538511FA8EAC800F5BD41 /* ReportModel.h */,
				32D538521FA8EAC800F5BD41 /* ReportModel.m */,
			);
			path = Model;
			sourceTree = "<group>";
		};
		32D538431FA8E91D00F5BD41 /* View */ = {
			isa = PBXGroup;
			children = (
				32D538541FA8EAE900F5BD41 /* ReportView.h */,
				32D538551FA8EAE900F5BD41 /* ReportView.m */,
			);
			path = View;
			sourceTree = "<group>";
		};
		32D538441FA8E91D00F5BD41 /* Controller */ = {
			isa = PBXGroup;
			children = (
				32D5384E1FA8EAB800F5BD41 /* ReportViewController.h */,
				32D5384F1FA8EAB800F5BD41 /* ReportViewController.m */,
			);
			path = Controller;
			sourceTree = "<group>";
		};
		32D538451FA8E93A00F5BD41 /* NominationModule */ = {
			isa = PBXGroup;
			children = (
				32D538471FA8E98800F5BD41 /* MVC */,
				32D538461FA8E98800F5BD41 /* Protocol */,
			);
			path = NominationModule;
			sourceTree = "<group>";
		};
		32D538461FA8E98800F5BD41 /* Protocol */ = {
			isa = PBXGroup;
			children = (
				329267E91FA9230200B62143 /* NominationModuleProtocol.h */,
			);
			path = Protocol;
			sourceTree = "<group>";
		};
		32D538471FA8E98800F5BD41 /* MVC */ = {
			isa = PBXGroup;
			children = (
				32D538481FA8E98800F5BD41 /* Controller */,
				32D538491FA8E98800F5BD41 /* Model */,
				32D5384A1FA8E98800F5BD41 /* View */,
			);
			path = MVC;
			sourceTree = "<group>";
		};
		32D538481FA8E98800F5BD41 /* Controller */ = {
			isa = PBXGroup;
			children = (
				32D538571FA8EB0B00F5BD41 /* NominationViewController.h */,
				32D538581FA8EB0B00F5BD41 /* NominationViewController.m */,
			);
			path = Controller;
			sourceTree = "<group>";
		};
		32D538491FA8E98800F5BD41 /* Model */ = {
			isa = PBXGroup;
			children = (
				32D5384B1FA8EA9600F5BD41 /* NominationModel.h */,
				32D5384C1FA8EA9600F5BD41 /* NominationModel.m */,
			);
			path = Model;
			sourceTree = "<group>";
		};
		32D5384A1FA8E98800F5BD41 /* View */ = {
			isa = PBXGroup;
			children = (
				32D5385A1FA8EB2500F5BD41 /* NominationView.h */,
				32D5385B1FA8EB2500F5BD41 /* NominationView.m */,
			);
			path = View;
			sourceTree = "<group>";
		};
		32D5385E1FA8FF3700F5BD41 /* Lidrary */ = {
			isa = PBXGroup;
			children = (
				32D5385F1FA8FF4B00F5BD41 /* CoreData */,
			);
			path = Lidrary;
			sourceTree = "<group>";
		};
		32D5385F1FA8FF4B00F5BD41 /* CoreData */ = {
			isa = PBXGroup;
			children = (
				32D538601FA8FF7200F5BD41 /* Entities */,
				32D538631FA9004700F5BD41 /* ReportsModel.xcdatamodeld */,
				32D538781FA905B900F5BD41 /* DataManager.h */,
				32D538791FA905B900F5BD41 /* DataManager.m */,
			);
			path = CoreData;
			sourceTree = "<group>";
		};
		32D538601FA8FF7200F5BD41 /* Entities */ = {
			isa = PBXGroup;
			children = (
				32D538621FA8FFA200F5BD41 /* Nominations */,
				32D538611FA8FF8800F5BD41 /* Reports */,
			);
			path = Entities;
			sourceTree = "<group>";
		};
		32D538611FA8FF8800F5BD41 /* Reports */ = {
			isa = PBXGroup;
			children = (
				32D5386C1FA9043100F5BD41 /* Report+CoreDataClass.h */,
				32D5386D1FA9043100F5BD41 /* Report+CoreDataClass.m */,
				32D5386E1FA9043100F5BD41 /* Report+CoreDataProperties.h */,
				32D5386F1FA9043100F5BD41 /* Report+CoreDataProperties.m */,
			);
			path = Reports;
			sourceTree = "<group>";
		};
		32D538621FA8FFA200F5BD41 /* Nominations */ = {
			isa = PBXGroup;
			children = (
				329267EA1FA927E600B62143 /* Nomination+CoreDataClass.h */,
				329267EB1FA927E600B62143 /* Nomination+CoreDataClass.m */,
				329267EC1FA927E600B62143 /* Nomination+CoreDataProperties.h */,
				329267ED1FA927E600B62143 /* Nomination+CoreDataProperties.m */,
			);
			path = Nominations;
			sourceTree = "<group>";
		};
/* End PBXGroup section */

/* Begin PBXNativeTarget section */
		32D538251FA8E63A00F5BD41 /* Lesson_23_WorkWithCoreData */ = {
			isa = PBXNativeTarget;
			buildConfigurationList = 32D5383C1FA8E63A00F5BD41 /* Build configuration list for PBXNativeTarget "Lesson_23_WorkWithCoreData" */;
			buildPhases = (
				32D538221FA8E63A00F5BD41 /* Sources */,
				32D538231FA8E63A00F5BD41 /* Frameworks */,
				32D538241FA8E63A00F5BD41 /* Resources */,
			);
			buildRules = (
			);
			dependencies = (
			);
			name = Lesson_23_WorkWithCoreData;
			productName = Lesson_23_WorkWithCoreData;
			productReference = 32D538261FA8E63A00F5BD41 /* Lesson_23_WorkWithCoreData.app */;
			productType = "com.apple.product-type.application";
		};
/* End PBXNativeTarget section */

/* Begin PBXProject section */
		32D5381E1FA8E63A00F5BD41 /* Project object */ = {
			isa = PBXProject;
			attributes = {
				LastUpgradeCheck = 0900;
				ORGANIZATIONNAME = "Andrey Proskurin";
				TargetAttributes = {
					32D538251FA8E63A00F5BD41 = {
						CreatedOnToolsVersion = 9.0.1;
						ProvisioningStyle = Automatic;
					};
				};
			};
			buildConfigurationList = 32D538211FA8E63A00F5BD41 /* Build configuration list for PBXProject "Lesson_23_WorkWithCoreData" */;
			compatibilityVersion = "Xcode 8.0";
			developmentRegion = en;
			hasScannedForEncodings = 0;
			knownRegions = (
				en,
				Base,
			);
			mainGroup = 32D5381D1FA8E63A00F5BD41;
			productRefGroup = 32D538271FA8E63A00F5BD41 /* Products */;
			projectDirPath = "";
			projectRoot = "";
			targets = (
				32D538251FA8E63A00F5BD41 /* Lesson_23_WorkWithCoreData */,
			);
		};
/* End PBXProject section */

/* Begin PBXResourcesBuildPhase section */
		32D538241FA8E63A00F5BD41 /* Resources */ = {
			isa = PBXResourcesBuildPhase;
			buildActionMask = 2147483647;
			files = (
				32D538361FA8E63A00F5BD41 /* LaunchScreen.storyboard in Resources */,
				32D538331FA8E63A00F5BD41 /* Assets.xcassets in Resources */,
				32D538311FA8E63A00F5BD41 /* Main.storyboard in Resources */,
			);
			runOnlyForDeploymentPostprocessing = 0;
		};
/* End PBXResourcesBuildPhase section */

/* Begin PBXSourcesBuildPhase section */
		32D538221FA8E63A00F5BD41 /* Sources */ = {
			isa = PBXSourcesBuildPhase;
			buildActionMask = 2147483647;
			files = (
				32D538591FA8EB0B00F5BD41 /* NominationViewController.m in Sources */,
				32D538501FA8EAB800F5BD41 /* ReportViewController.m in Sources */,
				32D5384D1FA8EA9600F5BD41 /* NominationModel.m in Sources */,
				32D538651FA9004700F5BD41 /* ReportsModel.xcdatamodeld in Sources */,
				32D538391FA8E63A00F5BD41 /* main.m in Sources */,
				32D538711FA9043100F5BD41 /* Report+CoreDataProperties.m in Sources */,
				329267EE1FA927E600B62143 /* Nomination+CoreDataClass.m in Sources */,
				32D5382B1FA8E63A00F5BD41 /* AppDelegate.m in Sources */,
				32D538531FA8EAC800F5BD41 /* ReportModel.m in Sources */,
				329267EF1FA927E600B62143 /* Nomination+CoreDataProperties.m in Sources */,
				32D5387A1FA905B900F5BD41 /* DataManager.m in Sources */,
				32D538561FA8EAE900F5BD41 /* ReportView.m in Sources */,
				32D5385C1FA8EB2500F5BD41 /* NominationView.m in Sources */,
				32D538701FA9043100F5BD41 /* Report+CoreDataClass.m in Sources */,
			);
			runOnlyForDeploymentPostprocessing = 0;
		};
/* End PBXSourcesBuildPhase section */

/* Begin PBXVariantGroup section */
		32D5382F1FA8E63A00F5BD41 /* Main.storyboard */ = {
			isa = PBXVariantGroup;
			children = (
				32D538301FA8E63A00F5BD41 /* Base */,
			);
			name = Main.storyboard;
			sourceTree = "<group>";
		};
		32D538341FA8E63A00F5BD41 /* LaunchScreen.storyboard */ = {
			isa = PBXVariantGroup;
			children = (
				32D538351FA8E63A00F5BD41 /* Base */,
			);
			name = LaunchScreen.storyboard;
			sourceTree = "<group>";
		};
/* End PBXVariantGroup section */

/* Begin XCBuildConfiguration section */
		32D5383A1FA8E63A00F5BD41 /* Debug */ = {
			isa = XCBuildConfiguration;
			buildSettings = {
				ALWAYS_SEARCH_USER_PATHS = NO;
				CLANG_ANALYZER_NONNULL = YES;
				CLANG_ANALYZER_NUMBER_OBJECT_CONVERSION = YES_AGGRESSIVE;
				CLANG_CXX_LANGUAGE_STANDARD = "gnu++14";
				CLANG_CXX_LIBRARY = "libc++";
				CLANG_ENABLE_MODULES = YES;
				CLANG_ENABLE_OBJC_ARC = YES;
				CLANG_WARN_BLOCK_CAPTURE_AUTORELEASING = YES;
				CLANG_WARN_BOOL_CONVERSION = YES;
				CLANG_WARN_COMMA = YES;
				CLANG_WARN_CONSTANT_CONVERSION = YES;
				CLANG_WARN_DIRECT_OBJC_ISA_USAGE = YES_ERROR;
				CLANG_WARN_DOCUMENTATION_COMMENTS = YES;
				CLANG_WARN_EMPTY_BODY = YES;
				CLANG_WARN_ENUM_CONVERSION = YES;
				CLANG_WARN_INFINITE_RECURSION = YES;
				CLANG_WARN_INT_CONVERSION = YES;
				CLANG_WARN_NON_LITERAL_NULL_CONVERSION = YES;
				CLANG_WARN_OBJC_LITERAL_CONVERSION = YES;
				CLANG_WARN_OBJC_ROOT_CLASS = YES_ERROR;
				CLANG_WARN_RANGE_LOOP_ANALYSIS = YES;
				CLANG_WARN_STRICT_PROTOTYPES = YES;
				CLANG_WARN_SUSPICIOUS_MOVE = YES;
				CLANG_WARN_UNGUARDED_AVAILABILITY = YES_AGGRESSIVE;
				CLANG_WARN_UNREACHABLE_CODE = YES;
				CLANG_WARN__DUPLICATE_METHOD_MATCH = YES;
				CODE_SIGN_IDENTITY = "iPhone Developer";
				COPY_PHASE_STRIP = NO;
				DEBUG_INFORMATION_FORMAT = dwarf;
				ENABLE_STRICT_OBJC_MSGSEND = YES;
				ENABLE_TESTABILITY = YES;
				GCC_C_LANGUAGE_STANDARD = gnu11;
				GCC_DYNAMIC_NO_PIC = NO;
				GCC_NO_COMMON_BLOCKS = YES;
				GCC_OPTIMIZATION_LEVEL = 0;
				GCC_PREPROCESSOR_DEFINITIONS = (
					"DEBUG=1",
					"$(inherited)",
				);
				GCC_WARN_64_TO_32_BIT_CONVERSION = YES;
				GCC_WARN_ABOUT_RETURN_TYPE = YES_ERROR;
				GCC_WARN_UNDECLARED_SELECTOR = YES;
				GCC_WARN_UNINITIALIZED_AUTOS = YES_AGGRESSIVE;
				GCC_WARN_UNUSED_FUNCTION = YES;
				GCC_WARN_UNUSED_VARIABLE = YES;
				IPHONEOS_DEPLOYMENT_TARGET = 11.0;
				MTL_ENABLE_DEBUG_INFO = YES;
				ONLY_ACTIVE_ARCH = YES;
				SDKROOT = iphoneos;
			};
			name = Debug;
		};
		32D5383B1FA8E63A00F5BD41 /* Release */ = {
			isa = XCBuildConfiguration;
			buildSettings = {
				ALWAYS_SEARCH_USER_PATHS = NO;
				CLANG_ANALYZER_NONNULL = YES;
				CLANG_ANALYZER_NUMBER_OBJECT_CONVERSION = YES_AGGRESSIVE;
				CLANG_CXX_LANGUAGE_STANDARD = "gnu++14";
				CLANG_CXX_LIBRARY = "libc++";
				CLANG_ENABLE_MODULES = YES;
				CLANG_ENABLE_OBJC_ARC = YES;
				CLANG_WARN_BLOCK_CAPTURE_AUTORELEASING = YES;
				CLANG_WARN_BOOL_CONVERSION = YES;
				CLANG_WARN_COMMA = YES;
				CLANG_WARN_CONSTANT_CONVERSION = YES;
				CLANG_WARN_DIRECT_OBJC_ISA_USAGE = YES_ERROR;
				CLANG_WARN_DOCUMENTATION_COMMENTS = YES;
				CLANG_WARN_EMPTY_BODY = YES;
				CLANG_WARN_ENUM_CONVERSION = YES;
				CLANG_WARN_INFINITE_RECURSION = YES;
				CLANG_WARN_INT_CONVERSION = YES;
				CLANG_WARN_NON_LITERAL_NULL_CONVERSION = YES;
				CLANG_WARN_OBJC_LITERAL_CONVERSION = YES;
				CLANG_WARN_OBJC_ROOT_CLASS = YES_ERROR;
				CLANG_WARN_RANGE_LOOP_ANALYSIS = YES;
				CLANG_WARN_STRICT_PROTOTYPES = YES;
				CLANG_WARN_SUSPICIOUS_MOVE = YES;
				CLANG_WARN_UNGUARDED_AVAILABILITY = YES_AGGRESSIVE;
				CLANG_WARN_UNREACHABLE_CODE = YES;
				CLANG_WARN__DUPLICATE_METHOD_MATCH = YES;
				CODE_SIGN_IDENTITY = "iPhone Developer";
				COPY_PHASE_STRIP = NO;
				DEBUG_INFORMATION_FORMAT = "dwarf-with-dsym";
				ENABLE_NS_ASSERTIONS = NO;
				ENABLE_STRICT_OBJC_MSGSEND = YES;
				GCC_C_LANGUAGE_STANDARD = gnu11;
				GCC_NO_COMMON_BLOCKS = YES;
				GCC_WARN_64_TO_32_BIT_CONVERSION = YES;
				GCC_WARN_ABOUT_RETURN_TYPE = YES_ERROR;
				GCC_WARN_UNDECLARED_SELECTOR = YES;
				GCC_WARN_UNINITIALIZED_AUTOS = YES_AGGRESSIVE;
				GCC_WARN_UNUSED_FUNCTION = YES;
				GCC_WARN_UNUSED_VARIABLE = YES;
				IPHONEOS_DEPLOYMENT_TARGET = 11.0;
				MTL_ENABLE_DEBUG_INFO = NO;
				SDKROOT = iphoneos;
				VALIDATE_PRODUCT = YES;
			};
			name = Release;
		};
		32D5383D1FA8E63A00F5BD41 /* Debug */ = {
			isa = XCBuildConfiguration;
			buildSettings = {
				ASSETCATALOG_COMPILER_APPICON_NAME = AppIcon;
				CODE_SIGN_STYLE = Automatic;
				DEVELOPMENT_TEAM = JW8Z5UB37A;
				INFOPLIST_FILE = Lesson_23_WorkWithCoreData/Info.plist;
				LD_RUNPATH_SEARCH_PATHS = "$(inherited) @executable_path/Frameworks";
				PRODUCT_BUNDLE_IDENTIFIER = "com.andreyproskurin.Lesson-23-WorkWithCoreData";
				PRODUCT_NAME = "$(TARGET_NAME)";
				TARGETED_DEVICE_FAMILY = "1,2";
			};
			name = Debug;
		};
		32D5383E1FA8E63A00F5BD41 /* Release */ = {
			isa = XCBuildConfiguration;
			buildSettings = {
				ASSETCATALOG_COMPILER_APPICON_NAME = AppIcon;
				CODE_SIGN_STYLE = Automatic;
				DEVELOPMENT_TEAM = JW8Z5UB37A;
				INFOPLIST_FILE = Lesson_23_WorkWithCoreData/Info.plist;
				LD_RUNPATH_SEARCH_PATHS = "$(inherited) @executable_path/Frameworks";
				PRODUCT_BUNDLE_IDENTIFIER = "com.andreyproskurin.Lesson-23-WorkWithCoreData";
				PRODUCT_NAME = "$(TARGET_NAME)";
				TARGETED_DEVICE_FAMILY = "1,2";
			};
			name = Release;
		};
/* End XCBuildConfiguration section */

/* Begin XCConfigurationList section */
		32D538211FA8E63A00F5BD41 /* Build configuration list for PBXProject "Lesson_23_WorkWithCoreData" */ = {
			isa = XCConfigurationList;
			buildConfigurations = (
				32D5383A1FA8E63A00F5BD41 /* Debug */,
				32D5383B1FA8E63A00F5BD41 /* Release */,
			);
			defaultConfigurationIsVisible = 0;
			defaultConfigurationName = Release;
		};
		32D5383C1FA8E63A00F5BD41 /* Build configuration list for PBXNativeTarget "Lesson_23_WorkWithCoreData" */ = {
			isa = XCConfigurationList;
			buildConfigurations = (
				32D5383D1FA8E63A00F5BD41 /* Debug */,
				32D5383E1FA8E63A00F5BD41 /* Release */,
			);
			defaultConfigurationIsVisible = 0;
			defaultConfigurationName = Release;
		};
/* End XCConfigurationList section */

/* Begin XCVersionGroup section */
		32D538631FA9004700F5BD41 /* ReportsModel.xcdatamodeld */ = {
			isa = XCVersionGroup;
			children = (
				32D538641FA9004700F5BD41 /* ReportsModel.xcdatamodel */,
			);
			currentVersion = 32D538641FA9004700F5BD41 /* ReportsModel.xcdatamodel */;
			path = ReportsModel.xcdatamodeld;
			sourceTree = "<group>";
			versionGroupType = wrapper.xcdatamodel;
		};
/* End XCVersionGroup section */
	};
	rootObject = 32D5381E1FA8E63A00F5BD41 /* Project object */;
}
